
Microsoft Visual Studio Solution File, Format Version 12.00
# Visual Studio Version 17
VisualStudioVersion = 17.14.36414.22 d17.14
MinimumVisualStudioVersion = 10.0.40219.1
Project("{FAE04EC0-301F-11D3-BF4B-00C04F79EFBC}") = "utemez2", "utemez2\utemez2.csproj", "{3524558D-191E-4E59-B3A4-BC0A03E3104E}"
EndProject
Global
	GlobalSection(SolutionConfigurationPlatforms) = preSolution
		Debug|Any CPU = Debug|Any CPU
		Release|Any CPU = Release|Any CPU
	EndGlobalSection
	GlobalSection(ProjectConfigurationPlatforms) = postSolution
		{3524558D-191E-4E59-B3A4-BC0A03E3104E}.Debug|Any CPU.ActiveCfg = Debug|Any CPU
		{3524558D-191E-4E59-B3A4-BC0A03E3104E}.Debug|Any CPU.Build.0 = Debug|Any CPU
		{3524558D-191E-4E59-B3A4-BC0A03E3104E}.Release|Any CPU.ActiveCfg = Release|Any CPU
		{3524558D-191E-4E59-B3A4-BC0A03E3104E}.Release|Any CPU.Build.0 = Release|Any CPU
	EndGlobalSection
	GlobalSection(SolutionProperties) = preSolution
		HideSolutionNode = FALSE
	EndGlobalSection
	GlobalSection(ExtensibilityGlobals) = postSolution
		SolutionGuid = {57FD4ECF-4C02-4827-8DB6-CB4E1C4C82C6}
	EndGlobalSection
EndGlobal
