
Microsoft Visual Studio Solution File, Format Version 12.00
# Visual Studio Version 17
VisualStudioVersion = 17.10.35122.118
MinimumVisualStudioVersion = 10.0.40219.1
Project("{FAE04EC0-301F-11D3-BF4B-00C04F79EFBC}") = "konyvek", "konyvek\konyvek.csproj", "{76E50180-C803-49FF-976F-8E8D02355A1D}"
EndProject
Global
	GlobalSection(SolutionConfigurationPlatforms) = preSolution
		Debug|Any CPU = Debug|Any CPU
		Release|Any CPU = Release|Any CPU
	EndGlobalSection
	GlobalSection(ProjectConfigurationPlatforms) = postSolution
		{76E50180-C803-49FF-976F-8E8D02355A1D}.Debug|Any CPU.ActiveCfg = Debug|Any CPU
		{76E50180-C803-49FF-976F-8E8D02355A1D}.Debug|Any CPU.Build.0 = Debug|Any CPU
		{76E50180-C803-49FF-976F-8E8D02355A1D}.Release|Any CPU.ActiveCfg = Release|Any CPU
		{76E50180-C803-49FF-976F-8E8D02355A1D}.Release|Any CPU.Build.0 = Release|Any CPU
	EndGlobalSection
	GlobalSection(SolutionProperties) = preSolution
		HideSolutionNode = FALSE
	EndGlobalSection
	GlobalSection(ExtensibilityGlobals) = postSolution
		SolutionGuid = {C8EE845B-5EF6-4C74-9EA9-F5D45CB006FC}
	EndGlobalSection
EndGlobal
