
Microsoft Visual Studio Solution File, Format Version 12.00
# Visual Studio Version 17
VisualStudioVersion = 17.14.36414.22 d17.14
MinimumVisualStudioVersion = 10.0.40219.1
Project("{FAE04EC0-301F-11D3-BF4B-00C04F79EFBC}") = "autowpf", "autowpf\autowpf.csproj", "{65838C2D-EB68-4D3F-89B8-0605DF890F1B}"
EndProject
Global
	GlobalSection(SolutionConfigurationPlatforms) = preSolution
		Debug|Any CPU = Debug|Any CPU
		Release|Any CPU = Release|Any CPU
	EndGlobalSection
	GlobalSection(ProjectConfigurationPlatforms) = postSolution
		{65838C2D-EB68-4D3F-89B8-0605DF890F1B}.Debug|Any CPU.ActiveCfg = Debug|Any CPU
		{65838C2D-EB68-4D3F-89B8-0605DF890F1B}.Debug|Any CPU.Build.0 = Debug|Any CPU
		{65838C2D-EB68-4D3F-89B8-0605DF890F1B}.Release|Any CPU.ActiveCfg = Release|Any CPU
		{65838C2D-EB68-4D3F-89B8-0605DF890F1B}.Release|Any CPU.Build.0 = Release|Any CPU
	EndGlobalSection
	GlobalSection(SolutionProperties) = preSolution
		HideSolutionNode = FALSE
	EndGlobalSection
	GlobalSection(ExtensibilityGlobals) = postSolution
		SolutionGuid = {0C1A6D8A-C0FF-41C5-BD8B-1CA1ADA32F8D}
	EndGlobalSection
EndGlobal
