
Microsoft Visual Studio Solution File, Format Version 12.00
# Visual Studio Version 17
VisualStudioVersion = 17.14.36414.22 d17.14
MinimumVisualStudioVersion = 10.0.40219.1
Project("{FAE04EC0-301F-11D3-BF4B-00C04F79EFBC}") = "autok2", "autok2\autok2.csproj", "{99614946-2C00-4E8E-B432-010DC92C1564}"
EndProject
Global
	GlobalSection(SolutionConfigurationPlatforms) = preSolution
		Debug|Any CPU = Debug|Any CPU
		Release|Any CPU = Release|Any CPU
	EndGlobalSection
	GlobalSection(ProjectConfigurationPlatforms) = postSolution
		{99614946-2C00-4E8E-B432-010DC92C1564}.Debug|Any CPU.ActiveCfg = Debug|Any CPU
		{99614946-2C00-4E8E-B432-010DC92C1564}.Debug|Any CPU.Build.0 = Debug|Any CPU
		{99614946-2C00-4E8E-B432-010DC92C1564}.Release|Any CPU.ActiveCfg = Release|Any CPU
		{99614946-2C00-4E8E-B432-010DC92C1564}.Release|Any CPU.Build.0 = Release|Any CPU
	EndGlobalSection
	GlobalSection(SolutionProperties) = preSolution
		HideSolutionNode = FALSE
	EndGlobalSection
	GlobalSection(ExtensibilityGlobals) = postSolution
		SolutionGuid = {EEC0B212-AAC5-4409-BF63-EAAF6ACD6537}
	EndGlobalSection
EndGlobal
